// !$*UTF8*$!
{
	archiveVersion = 1;
	classes = {
	};
	objectVersion = 46;
	objects = {

/* Begin PBXBuildFile section */
		352B047B17661C3A0099250C /* UIKit.framework in Frameworks */ = {isa = PBXBuildFile; fileRef = 352B047A17661C3A0099250C /* UIKit.framework */; };
		352B047D17661C3A0099250C /* Foundation.framework in Frameworks */ = {isa = PBXBuildFile; fileRef = 352B047C17661C3A0099250C /* Foundation.framework */; };
		352B047F17661C3A0099250C /* CoreGraphics.framework in Frameworks */ = {isa = PBXBuildFile; fileRef = 352B047E17661C3A0099250C /* CoreGraphics.framework */; };
		352B048517661C3A0099250C /* InfoPlist.strings in Resources */ = {isa = PBXBuildFile; fileRef = 352B048317661C3A0099250C /* InfoPlist.strings */; };
		352B048717661C3A0099250C /* main.m in Sources */ = {isa = PBXBuildFile; fileRef = 352B048617661C3A0099250C /* main.m */; };
		352B048B17661C3A0099250C /* JGAppDelegate.m in Sources */ = {isa = PBXBuildFile; fileRef = 352B048A17661C3A0099250C /* JGAppDelegate.m */; };
		352B048D17661C3A0099250C /* Default.png in Resources */ = {isa = PBXBuildFile; fileRef = 352B048C17661C3A0099250C /* Default.png */; };
		352B048F17661C3B0099250C /* Default@2x.png in Resources */ = {isa = PBXBuildFile; fileRef = 352B048E17661C3B0099250C /* Default@2x.png */; };
		352B049117661C3B0099250C /* Default-568h@2x.png in Resources */ = {isa = PBXBuildFile; fileRef = 352B049017661C3B0099250C /* Default-568h@2x.png */; };
		352B049417661C3B0099250C /* JGViewController.m in Sources */ = {isa = PBXBuildFile; fileRef = 352B049317661C3B0099250C /* JGViewController.m */; };
		352B049717661C3B0099250C /* JGViewController_iPhone.xib in Resources */ = {isa = PBXBuildFile; fileRef = 352B049517661C3B0099250C /* JGViewController_iPhone.xib */; };
		352B049A17661C3B0099250C /* JGViewController_iPad.xib in Resources */ = {isa = PBXBuildFile; fileRef = 352B049817661C3B0099250C /* JGViewController_iPad.xib */; };
		352B04A217661C3B0099250C /* SenTestingKit.framework in Frameworks */ = {isa = PBXBuildFile; fileRef = 352B04A117661C3B0099250C /* SenTestingKit.framework */; };
		352B04A317661C3B0099250C /* UIKit.framework in Frameworks */ = {isa = PBXBuildFile; fileRef = 352B047A17661C3A0099250C /* UIKit.framework */; };
		352B04A417661C3B0099250C /* Foundation.framework in Frameworks */ = {isa = PBXBuildFile; fileRef = 352B047C17661C3A0099250C /* Foundation.framework */; };
		352B04AC17661C3B0099250C /* InfoPlist.strings in Resources */ = {isa = PBXBuildFile; fileRef = 352B04AA17661C3B0099250C /* InfoPlist.strings */; };
		352B04AF17661C3B0099250C /* MPShellTests.m in Sources */ = {isa = PBXBuildFile; fileRef = 352B04AE17661C3B0099250C /* MPShellTests.m */; };
/* End PBXBuildFile section */

/* Begin PBXContainerItemProxy section */
		352B04A517661C3B0099250C /* PBXContainerItemProxy */ = {
			isa = PBXContainerItemProxy;
			containerPortal = 352B046F17661C3A0099250C /* Project object */;
			proxyType = 1;
			remoteGlobalIDString = 352B047617661C3A0099250C;
			remoteInfo = MPShell;
		};
/* End PBXContainerItemProxy section */

/* Begin PBXFileReference section */
		352B047717661C3A0099250C /* MPShell.app */ = {isa = PBXFileReference; explicitFileType = wrapper.application; includeInIndex = 0; path = MPShell.app; sourceTree = BUILT_PRODUCTS_DIR; };
		352B047A17661C3A0099250C /* UIKit.framework */ = {isa = PBXFileReference; lastKnownFileType = wrapper.framework; name = UIKit.framework; path = System/Library/Frameworks/UIKit.framework; sourceTree = SDKROOT; };
		352B047C17661C3A0099250C /* Foundation.framework */ = {isa = PBXFileReference; lastKnownFileType = wrapper.framework; name = Foundation.framework; path = System/Library/Frameworks/Foundation.framework; sourceTree = SDKROOT; };
		352B047E17661C3A0099250C /* CoreGraphics.framework */ = {isa = PBXFileReference; lastKnownFileType = wrapper.framework; name = CoreGraphics.framework; path = System/Library/Frameworks/CoreGraphics.framework; sourceTree = SDKROOT; };
		352B048217661C3A0099250C /* MPShell-Info.plist */ = {isa = PBXFileReference; lastKnownFileType = text.plist.xml; path = "MPShell-Info.plist"; sourceTree = "<group>"; };
		352B048417661C3A0099250C /* en */ = {isa = PBXFileReference; lastKnownFileType = text.plist.strings; name = en; path = en.lproj/InfoPlist.strings; sourceTree = "<group>"; };
		352B048617661C3A0099250C /* main.m */ = {isa = PBXFileReference; lastKnownFileType = sourcecode.c.objc; path = main.m; sourceTree = "<group>"; };
		352B048817661C3A0099250C /* MPShell-Prefix.pch */ = {isa = PBXFileReference; lastKnownFileType = sourcecode.c.h; path = "MPShell-Prefix.pch"; sourceTree = "<group>"; };
		352B048917661C3A0099250C /* JGAppDelegate.h */ = {isa = PBXFileReference; lastKnownFileType = sourcecode.c.h; path = JGAppDelegate.h; sourceTree = "<group>"; };
		352B048A17661C3A0099250C /* JGAppDelegate.m */ = {isa = PBXFileReference; lastKnownFileType = sourcecode.c.objc; path = JGAppDelegate.m; sourceTree = "<group>"; };
		352B048C17661C3A0099250C /* Default.png */ = {isa = PBXFileReference; lastKnownFileType = image.png; path = Default.png; sourceTree = "<group>"; };
		352B048E17661C3B0099250C /* Default@2x.png */ = {isa = PBXFileReference; lastKnownFileType = image.png; path = "Default@2x.png"; sourceTree = "<group>"; };
		352B049017661C3B0099250C /* Default-568h@2x.png */ = {isa = PBXFileReference; lastKnownFileType = image.png; path = "Default-568h@2x.png"; sourceTree = "<group>"; };
		352B049217661C3B0099250C /* JGViewController.h */ = {isa = PBXFileReference; lastKnownFileType = sourcecode.c.h; path = JGViewController.h; sourceTree = "<group>"; };
		352B049317661C3B0099250C /* JGViewController.m */ = {isa = PBXFileReference; lastKnownFileType = sourcecode.c.objc; path = JGViewController.m; sourceTree = "<group>"; };
		352B049617661C3B0099250C /* en */ = {isa = PBXFileReference; lastKnownFileType = file.xib; name = en; path = en.lproj/JGViewController_iPhone.xib; sourceTree = "<group>"; };
		352B049917661C3B0099250C /* en */ = {isa = PBXFileReference; lastKnownFileType = file.xib; name = en; path = en.lproj/JGViewController_iPad.xib; sourceTree = "<group>"; };
		352B04A017661C3B0099250C /* MPShellTests.octest */ = {isa = PBXFileReference; explicitFileType = wrapper.cfbundle; includeInIndex = 0; path = MPShellTests.octest; sourceTree = BUILT_PRODUCTS_DIR; };
		352B04A117661C3B0099250C /* SenTestingKit.framework */ = {isa = PBXFileReference; lastKnownFileType = wrapper.framework; name = SenTestingKit.framework; path = Library/Frameworks/SenTestingKit.framework; sourceTree = DEVELOPER_DIR; };
		352B04A917661C3B0099250C /* MPShellTests-Info.plist */ = {isa = PBXFileReference; lastKnownFileType = text.plist.xml; path = "MPShellTests-Info.plist"; sourceTree = "<group>"; };
		352B04AB17661C3B0099250C /* en */ = {isa = PBXFileReference; lastKnownFileType = text.plist.strings; name = en; path = en.lproj/InfoPlist.strings; sourceTree = "<group>"; };
		352B04AD17661C3B0099250C /* MPShellTests.h */ = {isa = PBXFileReference; lastKnownFileType = sourcecode.c.h; path = MPShellTests.h; sourceTree = "<group>"; };
		352B04AE17661C3B0099250C /* MPShellTests.m */ = {isa = PBXFileReference; lastKnownFileType = sourcecode.c.objc; path = MPShellTests.m; sourceTree = "<group>"; };
/* End PBXFileReference section */

/* Begin PBXFrameworksBuildPhase section */
		352B047417661C3A0099250C /* Frameworks */ = {
			isa = PBXFrameworksBuildPhase;
			buildActionMask = 2147483647;
			files = (
				352B047B17661C3A0099250C /* UIKit.framework in Frameworks */,
				352B047D17661C3A0099250C /* Foundation.framework in Frameworks */,
				352B047F17661C3A0099250C /* CoreGraphics.framework in Frameworks */,
			);
			runOnlyForDeploymentPostprocessing = 0;
		};
		352B049C17661C3B0099250C /* Frameworks */ = {
			isa = PBXFrameworksBuildPhase;
			buildActionMask = 2147483647;
			files = (
				352B04A217661C3B0099250C /* SenTestingKit.framework in Frameworks */,
				352B04A317661C3B0099250C /* UIKit.framework in Frameworks */,
				352B04A417661C3B0099250C /* Foundation.framework in Frameworks */,
			);
			runOnlyForDeploymentPostprocessing = 0;
		};
/* End PBXFrameworksBuildPhase section */

/* Begin PBXGroup section */
		352B046E17661C3A0099250C = {
			isa = PBXGroup;
			children = (
				352B048017661C3A0099250C /* MPShell */,
				352B04A717661C3B0099250C /* MPShellTests */,
				352B047917661C3A0099250C /* Frameworks */,
				352B047817661C3A0099250C /* Products */,
			);
			sourceTree = "<group>";
		};
		352B047817661C3A0099250C /* Products */ = {
			isa = PBXGroup;
			children = (
				352B047717661C3A0099250C /* MPShell.app */,
				352B04A017661C3B0099250C /* MPShellTests.octest */,
			);
			name = Products;
			sourceTree = "<group>";
		};
		352B047917661C3A0099250C /* Frameworks */ = {
			isa = PBXGroup;
			children = (
				352B047A17661C3A0099250C /* UIKit.framework */,
				352B047C17661C3A0099250C /* Foundation.framework */,
				352B047E17661C3A0099250C /* CoreGraphics.framework */,
				352B04A117661C3B0099250C /* SenTestingKit.framework */,
			);
			name = Frameworks;
			sourceTree = "<group>";
		};
		352B048017661C3A0099250C /* MPShell */ = {
			isa = PBXGroup;
			children = (
				352B048917661C3A0099250C /* JGAppDelegate.h */,
				352B048A17661C3A0099250C /* JGAppDelegate.m */,
				352B049217661C3B0099250C /* JGViewController.h */,
				352B049317661C3B0099250C /* JGViewController.m */,
				352B049517661C3B0099250C /* JGViewController_iPhone.xib */,
				352B049817661C3B0099250C /* JGViewController_iPad.xib */,
				352B048117661C3A0099250C /* Supporting Files */,
			);
			path = MPShell;
			sourceTree = "<group>";
		};
		352B048117661C3A0099250C /* Supporting Files */ = {
			isa = PBXGroup;
			children = (
				352B048217661C3A0099250C /* MPShell-Info.plist */,
				352B048317661C3A0099250C /* InfoPlist.strings */,
				352B048617661C3A0099250C /* main.m */,
				352B048817661C3A0099250C /* MPShell-Prefix.pch */,
				352B048C17661C3A0099250C /* Default.png */,
				352B048E17661C3B0099250C /* Default@2x.png */,
				352B049017661C3B0099250C /* Default-568h@2x.png */,
			);
			name = "Supporting Files";
			sourceTree = "<group>";
		};
		352B04A717661C3B0099250C /* MPShellTests */ = {
			isa = PBXGroup;
			children = (
				352B04AD17661C3B0099250C /* MPShellTests.h */,
				352B04AE17661C3B0099250C /* MPShellTests.m */,
				352B04A817661C3B0099250C /* Supporting Files */,
			);
			path = MPShellTests;
			sourceTree = "<group>";
		};
		352B04A817661C3B0099250C /* Supporting Files */ = {
			isa = PBXGroup;
			children = (
				352B04A917661C3B0099250C /* MPShellTests-Info.plist */,
				352B04AA17661C3B0099250C /* InfoPlist.strings */,
			);
			name = "Supporting Files";
			sourceTree = "<group>";
		};
/* End PBXGroup section */

/* Begin PBXNativeTarget section */
		352B047617661C3A0099250C /* MPShell */ = {
			isa = PBXNativeTarget;
			buildConfigurationList = 352B04B217661C3B0099250C /* Build configuration list for PBXNativeTarget "MPShell" */;
			buildPhases = (
				352B047317661C3A0099250C /* Sources */,
				352B047417661C3A0099250C /* Frameworks */,
				352B047517661C3A0099250C /* Resources */,
			);
			buildRules = (
			);
			dependencies = (
			);
			name = MPShell;
			productName = MPShell;
			productReference = 352B047717661C3A0099250C /* MPShell.app */;
			productType = "com.apple.product-type.application";
		};
		352B049F17661C3B0099250C /* MPShellTests */ = {
			isa = PBXNativeTarget;
			buildConfigurationList = 352B04B517661C3B0099250C /* Build configuration list for PBXNativeTarget "MPShellTests" */;
			buildPhases = (
				352B049B17661C3B0099250C /* Sources */,
				352B049C17661C3B0099250C /* Frameworks */,
				352B049D17661C3B0099250C /* Resources */,
				352B049E17661C3B0099250C /* ShellScript */,
			);
			buildRules = (
			);
			dependencies = (
				352B04A617661C3B0099250C /* PBXTargetDependency */,
			);
			name = MPShellTests;
			productName = MPShellTests;
			productReference = 352B04A017661C3B0099250C /* MPShellTests.octest */;
			productType = "com.apple.product-type.bundle";
		};
/* End PBXNativeTarget section */

/* Begin PBXProject section */
		352B046F17661C3A0099250C /* Project object */ = {
			isa = PBXProject;
			attributes = {
				CLASSPREFIX = JG;
				LastUpgradeCheck = 0460;
				ORGANIZATIONNAME = "Jeff Gamon";
			};
			buildConfigurationList = 352B047217661C3A0099250C /* Build configuration list for PBXProject "MPShell" */;
			compatibilityVersion = "Xcode 3.2";
			developmentRegion = English;
			hasScannedForEncodings = 0;
			knownRegions = (
				en,
			);
			mainGroup = 352B046E17661C3A0099250C;
			productRefGroup = 352B047817661C3A0099250C /* Products */;
			projectDirPath = "";
			projectRoot = "";
			targets = (
				352B047617661C3A0099250C /* MPShell */,
				352B049F17661C3B0099250C /* MPShellTests */,
			);
		};
/* End PBXProject section */

/* Begin PBXResourcesBuildPhase section */
		352B047517661C3A0099250C /* Resources */ = {
			isa = PBXResourcesBuildPhase;
			buildActionMask = 2147483647;
			files = (
				352B048517661C3A0099250C /* InfoPlist.strings in Resources */,
				352B048D17661C3A0099250C /* Default.png in Resources */,
				352B048F17661C3B0099250C /* Default@2x.png in Resources */,
				352B049117661C3B0099250C /* Default-568h@2x.png in Resources */,
				352B049717661C3B0099250C /* JGViewController_iPhone.xib in Resources */,
				352B049A17661C3B0099250C /* JGViewController_iPad.xib in Resources */,
			);
			runOnlyForDeploymentPostprocessing = 0;
		};
		352B049D17661C3B0099250C /* Resources */ = {
			isa = PBXResourcesBuildPhase;
			buildActionMask = 2147483647;
			files = (
				352B04AC17661C3B0099250C /* InfoPlist.strings in Resources */,
			);
			runOnlyForDeploymentPostprocessing = 0;
		};
/* End PBXResourcesBuildPhase section */

/* Begin PBXShellScriptBuildPhase section */
		352B049E17661C3B0099250C /* ShellScript */ = {
			isa = PBXShellScriptBuildPhase;
			buildActionMask = 2147483647;
			files = (
			);
			inputPaths = (
			);
			outputPaths = (
			);
			runOnlyForDeploymentPostprocessing = 0;
			shellPath = /bin/sh;
			shellScript = "# Run the unit tests in this test bundle.\n\"${SYSTEM_DEVELOPER_DIR}/Tools/RunUnitTests\"\n";
		};
/* End PBXShellScriptBuildPhase section */

/* Begin PBXSourcesBuildPhase section */
		352B047317661C3A0099250C /* Sources */ = {
			isa = PBXSourcesBuildPhase;
			buildActionMask = 2147483647;
			files = (
				352B048717661C3A0099250C /* main.m in Sources */,
				352B048B17661C3A0099250C /* JGAppDelegate.m in Sources */,
				352B049417661C3B0099250C /* JGViewController.m in Sources */,
			);
			runOnlyForDeploymentPostprocessing = 0;
		};
		352B049B17661C3B0099250C /* Sources */ = {
			isa = PBXSourcesBuildPhase;
			buildActionMask = 2147483647;
			files = (
				352B04AF17661C3B0099250C /* MPShellTests.m in Sources */,
			);
			runOnlyForDeploymentPostprocessing = 0;
		};
/* End PBXSourcesBuildPhase section */

/* Begin PBXTargetDependency section */
		352B04A617661C3B0099250C /* PBXTargetDependency */ = {
			isa = PBXTargetDependency;
			target = 352B047617661C3A0099250C /* MPShell */;
			targetProxy = 352B04A517661C3B0099250C /* PBXContainerItemProxy */;
		};
/* End PBXTargetDependency section */

/* Begin PBXVariantGroup section */
		352B048317661C3A0099250C /* InfoPlist.strings */ = {
			isa = PBXVariantGroup;
			children = (
				352B048417661C3A0099250C /* en */,
			);
			name = InfoPlist.strings;
			sourceTree = "<group>";
		};
		352B049517661C3B0099250C /* JGViewController_iPhone.xib */ = {
			isa = PBXVariantGroup;
			children = (
				352B049617661C3B0099250C /* en */,
			);
			name = JGViewController_iPhone.xib;
			sourceTree = "<group>";
		};
		352B049817661C3B0099250C /* JGViewController_iPad.xib */ = {
			isa = PBXVariantGroup;
			children = (
				352B049917661C3B0099250C /* en */,
			);
			name = JGViewController_iPad.xib;
			sourceTree = "<group>";
		};
		352B04AA17661C3B0099250C /* InfoPlist.strings */ = {
			isa = PBXVariantGroup;
			children = (
				352B04AB17661C3B0099250C /* en */,
			);
			name = InfoPlist.strings;
			sourceTree = "<group>";
		};
/* End PBXVariantGroup section */

/* Begin XCBuildConfiguration section */
		352B04B017661C3B0099250C /* Debug */ = {
			isa = XCBuildConfiguration;
			buildSettings = {
				ALWAYS_SEARCH_USER_PATHS = NO;
				CLANG_CXX_LANGUAGE_STANDARD = "gnu++0x";
				CLANG_CXX_LIBRARY = "libc++";
				CLANG_ENABLE_OBJC_ARC = YES;
				CLANG_WARN_CONSTANT_CONVERSION = YES;
				CLANG_WARN_EMPTY_BODY = YES;
				CLANG_WARN_ENUM_CONVERSION = YES;
				CLANG_WARN_INT_CONVERSION = YES;
				CLANG_WARN__DUPLICATE_METHOD_MATCH = YES;
				"CODE_SIGN_IDENTITY[sdk=iphoneos*]" = "iPhone Developer";
				COPY_PHASE_STRIP = NO;
				GCC_C_LANGUAGE_STANDARD = gnu99;
				GCC_DYNAMIC_NO_PIC = NO;
				GCC_OPTIMIZATION_LEVEL = 0;
				GCC_PREPROCESSOR_DEFINITIONS = (
					"DEBUG=1",
					"$(inherited)",
				);
				GCC_SYMBOLS_PRIVATE_EXTERN = NO;
				GCC_WARN_ABOUT_RETURN_TYPE = YES;
				GCC_WARN_UNINITIALIZED_AUTOS = YES;
				GCC_WARN_UNUSED_VARIABLE = YES;
				IPHONEOS_DEPLOYMENT_TARGET = 6.1;
				ONLY_ACTIVE_ARCH = YES;
				SDKROOT = iphoneos;
				TARGETED_DEVICE_FAMILY = "1,2";
			};
			name = Debug;
		};
		352B04B117661C3B0099250C /* Release */ = {
			isa = XCBuildConfiguration;
			buildSettings = {
				ALWAYS_SEARCH_USER_PATHS = NO;
				CLANG_CXX_LANGUAGE_STANDARD = "gnu++0x";
				CLANG_CXX_LIBRARY = "libc++";
				CLANG_ENABLE_OBJC_ARC = YES;
				CLANG_WARN_CONSTANT_CONVERSION = YES;
				CLANG_WARN_EMPTY_BODY = YES;
				CLANG_WARN_ENUM_CONVERSION = YES;
				CLANG_WARN_INT_CONVERSION = YES;
				CLANG_WARN__DUPLICATE_METHOD_MATCH = YES;
				"CODE_SIGN_IDENTITY[sdk=iphoneos*]" = "iPhone Developer";
				COPY_PHASE_STRIP = YES;
				GCC_C_LANGUAGE_STANDARD = gnu99;
				GCC_WARN_ABOUT_RETURN_TYPE = YES;
				GCC_WARN_UNINITIALIZED_AUTOS = YES;
				GCC_WARN_UNUSED_VARIABLE = YES;
				IPHONEOS_DEPLOYMENT_TARGET = 6.1;
				OTHER_CFLAGS = "-DNS_BLOCK_ASSERTIONS=1";
				SDKROOT = iphoneos;
				TARGETED_DEVICE_FAMILY = "1,2";
				VALIDATE_PRODUCT = YES;
			};
			name = Release;
		};
		352B04B317661C3B0099250C /* Debug */ = {
			isa = XCBuildConfiguration;
			buildSettings = {
				GCC_PRECOMPILE_PREFIX_HEADER = YES;
				GCC_PREFIX_HEADER = "MPShell/MPShell-Prefix.pch";
				INFOPLIST_FILE = "MPShell/MPShell-Info.plist";
				PRODUCT_NAME = "$(TARGET_NAME)";
				WRAPPER_EXTENSION = app;
			};
			name = Debug;
		};
		352B04B417661C3B0099250C /* Release */ = {
			isa = XCBuildConfiguration;
			buildSettings = {
				GCC_PRECOMPILE_PREFIX_HEADER = YES;
				GCC_PREFIX_HEADER = "MPShell/MPShell-Prefix.pch";
				INFOPLIST_FILE = "MPShell/MPShell-Info.plist";
				PRODUCT_NAME = "$(TARGET_NAME)";
				WRAPPER_EXTENSION = app;
			};
			name = Release;
		};
		352B04B617661C3B0099250C /* Debug */ = {
			isa = XCBuildConfiguration;
			buildSettings = {
				BUNDLE_LOADER = "$(BUILT_PRODUCTS_DIR)/MPShell.app/MPShell";
				FRAMEWORK_SEARCH_PATHS = (
					"\"$(SDKROOT)/Developer/Library/Frameworks\"",
					"\"$(DEVELOPER_LIBRARY_DIR)/Frameworks\"",
				);
				GCC_PRECOMPILE_PREFIX_HEADER = YES;
				GCC_PREFIX_HEADER = "MPShell/MPShell-Prefix.pch";
				INFOPLIST_FILE = "MPShellTests/MPShellTests-Info.plist";
				PRODUCT_NAME = "$(TARGET_NAME)";
				TEST_HOST = "$(BUNDLE_LOADER)";
				WRAPPER_EXTENSION = octest;
			};
			name = Debug;
		};
		352B04B717661C3B0099250C /* Release */ = {
			isa = XCBuildConfiguration;
			buildSettings = {
				BUNDLE_LOADER = "$(BUILT_PRODUCTS_DIR)/MPShell.app/MPShell";
				FRAMEWORK_SEARCH_PATHS = (
					"\"$(SDKROOT)/Developer/Library/Frameworks\"",
					"\"$(DEVELOPER_LIBRARY_DIR)/Frameworks\"",
				);
				GCC_PRECOMPILE_PREFIX_HEADER = YES;
				GCC_PREFIX_HEADER = "MPShell/MPShell-Prefix.pch";
				INFOPLIST_FILE = "MPShellTests/MPShellTests-Info.plist";
				PRODUCT_NAME = "$(TARGET_NAME)";
				TEST_HOST = "$(BUNDLE_LOADER)";
				WRAPPER_EXTENSION = octest;
			};
			name = Release;
		};
/* End XCBuildConfiguration section */

/* Begin XCConfigurationList section */
		352B047217661C3A0099250C /* Build configuration list for PBXProject "MPShell" */ = {
			isa = XCConfigurationList;
			buildConfigurations = (
				352B04B017661C3B0099250C /* Debug */,
				352B04B117661C3B0099250C /* Release */,
			);
			defaultConfigurationIsVisible = 0;
			defaultConfigurationName = Release;
		};
		352B04B217661C3B0099250C /* Build configuration list for PBXNativeTarget "MPShell" */ = {
			isa = XCConfigurationList;
			buildConfigurations = (
				352B04B317661C3B0099250C /* Debug */,
				352B04B417661C3B0099250C /* Release */,
			);
			defaultConfigurationIsVisible = 0;
		};
		352B04B517661C3B0099250C /* Build configuration list for PBXNativeTarget "MPShellTests" */ = {
			isa = XCConfigurationList;
			buildConfigurations = (
				352B04B617661C3B0099250C /* Debug */,
				352B04B717661C3B0099250C /* Release */,
			);
			defaultConfigurationIsVisible = 0;
		};
/* End XCConfigurationList section */
	};
	rootObject = 352B046F17661C3A0099250C /* Project object */;
}
